{
  "name": "x8395f7",
  "version": "0.0.1",
  "lockfileVersion": 2,
  "requires": true,
  "packages": {
    "": {
      "name": "x8395f7",
      "version": "0.0.1",
      "license": "MIT",
      "dependencies": {
        "wyhash": "^0.0.2"
      },
      "devDependencies": {
        "typescript": "^4.9.3"
      },
      "engines": {
        "node": ">=14.16"
      }
    },
    "node_modules/typescript": {
      "version": "4.9.3",
      "resolved": "https://registry.npmjs.org/typescript/-/typescript-4.9.3.tgz",
      "integrity": "sha512-CIfGzTelbKNEnLpLdGFgdyKhG23CKdKgQPOBc+OUNrkJ2vr+KSzsSV5kq5iWhEQbok+quxgGzrAtGWCyU7tHnA==",
      "dev": true,
      "bin": {
        "tsc": "bin/tsc",
        "tsserver": "bin/tsserver"
      },
      "engines": {
        "node": ">=4.2.0"
      }
    },
    "node_modules/wyhash": {
      "version": "0.0.2",
      "resolved": "https://registry.npmjs.org/wyhash/-/wyhash-0.0.2.tgz",
      "integrity": "sha512-3YdrgUZTyEYFlSbWl1TfHmIYGkqX7gofIHKJc3Qi0Pf8LVM3dcDugxc1ojUcpSNO1lsOZGNcKJnYU2LLmvviOw=="
    }
  },
  "dependencies": {
    "typescript": {
      "version": "4.9.3",
      "resolved": "https://registry.npmjs.org/typescript/-/typescript-4.9.3.tgz",
      "integrity": "sha512-CIfGzTelbKNEnLpLdGFgdyKhG23CKdKgQPOBc+OUNrkJ2vr+KSzsSV5kq5iWhEQbok+quxgGzrAtGWCyU7tHnA==",
      "dev": true
    },
    "wyhash": {
      "version": "0.0.2",
      "resolved": "https://registry.npmjs.org/wyhash/-/wyhash-0.0.2.tgz",
      "integrity": "sha512-3YdrgUZTyEYFlSbWl1TfHmIYGkqX7gofIHKJc3Qi0Pf8LVM3dcDugxc1ojUcpSNO1lsOZGNcKJnYU2LLmvviOw=="
    }
  }
}
